
Microsoft Visual Studio Solution File, Format Version 12.00
# Visual Studio Version 17
VisualStudioVersion = 17.3.32811.315
MinimumVisualStudioVersion = 10.0.40219.1
Project("{8BC9CEB8-8B4A-11D0-8D11-00A0C91BC942}") = "game", "game\game.vcxproj", "{FB59080F-57E1-4857-9A57-333F885779BB}"
	ProjectSection(ProjectDependencies) = postProject
		{F16090B0-3456-4A56-9542-4243EB165CD2} = {F16090B0-3456-4A56-9542-4243EB165CD2}
	EndProjectSection
EndProject
Project("{8BC9CEB8-8B4A-11D0-8D11-00A0C91BC942}") = "launcher", "launcher\launcher.vcxproj", "{F16090B0-3456-4A56-9542-4243EB165CD2}"
	ProjectSection(ProjectDependencies) = postProject
		{DE8D5B1A-BE3F-4C81-A7F4-50B9DDFE3A6C} = {DE8D5B1A-BE3F-4C81-A7F4-50B9DDFE3A6C}
	EndProjectSection
EndProject
Project("{8BC9CEB8-8B4A-11D0-8D11-00A0C91BC942}") = "remote_console", "remote\remote.vcxproj", "{DE8D5B1A-BE3F-4C81-A7F4-50B9DDFE3A6C}"
EndProject
Global
	GlobalSection(SolutionConfigurationPlatforms) = preSolution
		Debug|x86 = Debug|x86
		Release|x86 = Release|x86
		ReleaseDedicated|x86 = ReleaseDedicated|x86
	EndGlobalSection
	GlobalSection(ProjectConfigurationPlatforms) = postSolution
		{FB59080F-57E1-4857-9A57-333F885779BB}.Debug|x86.ActiveCfg = Debug|Win32
		{FB59080F-57E1-4857-9A57-333F885779BB}.Debug|x86.Build.0 = Debug|Win32
		{FB59080F-57E1-4857-9A57-333F885779BB}.Release|x86.ActiveCfg = Release|Win32
		{FB59080F-57E1-4857-9A57-333F885779BB}.Release|x86.Build.0 = Release|Win32
		{FB59080F-57E1-4857-9A57-333F885779BB}.ReleaseDedicated|x86.ActiveCfg = ReleaseDedicated|Win32
		{FB59080F-57E1-4857-9A57-333F885779BB}.ReleaseDedicated|x86.Build.0 = ReleaseDedicated|Win32
		{F16090B0-3456-4A56-9542-4243EB165CD2}.Debug|x86.ActiveCfg = Debug|Win32
		{F16090B0-3456-4A56-9542-4243EB165CD2}.Debug|x86.Build.0 = Debug|Win32
		{F16090B0-3456-4A56-9542-4243EB165CD2}.Release|x86.ActiveCfg = Release|Win32
		{F16090B0-3456-4A56-9542-4243EB165CD2}.Release|x86.Build.0 = Release|Win32
		{F16090B0-3456-4A56-9542-4243EB165CD2}.ReleaseDedicated|x86.ActiveCfg = ReleaseDedicated|Win32
		{F16090B0-3456-4A56-9542-4243EB165CD2}.ReleaseDedicated|x86.Build.0 = ReleaseDedicated|Win32
		{DE8D5B1A-BE3F-4C81-A7F4-50B9DDFE3A6C}.Debug|x86.ActiveCfg = Debug|Win32
		{DE8D5B1A-BE3F-4C81-A7F4-50B9DDFE3A6C}.Debug|x86.Build.0 = Debug|Win32
		{DE8D5B1A-BE3F-4C81-A7F4-50B9DDFE3A6C}.Release|x86.ActiveCfg = Release|Win32
		{DE8D5B1A-BE3F-4C81-A7F4-50B9DDFE3A6C}.Release|x86.Build.0 = Release|Win32
		{DE8D5B1A-BE3F-4C81-A7F4-50B9DDFE3A6C}.ReleaseDedicated|x86.ActiveCfg = ReleaseDedicated|Win32
		{DE8D5B1A-BE3F-4C81-A7F4-50B9DDFE3A6C}.ReleaseDedicated|x86.Build.0 = ReleaseDedicated|Win32
	EndGlobalSection
	GlobalSection(SolutionProperties) = preSolution
		HideSolutionNode = FALSE
	EndGlobalSection
	GlobalSection(ExtensibilityGlobals) = postSolution
		SolutionGuid = {72EAED2D-236E-4443-A176-1EB4AC3C5058}
	EndGlobalSection
EndGlobal
